
Microsoft Visual Studio Solution File, Format Version 12.00
# Visual Studio Version 16
VisualStudioVersion = 16.0.30804.86
MinimumVisualStudioVersion = 15.0.26124.0
Project("{9A19103F-16F7-4668-BE54-9A1E7A4F7556}") = "Core", "Src\Core\Core.csproj", "{06EB187F-17EA-487A-8EA0-F045A8216725}"
EndProject
Project("{9A19103F-16F7-4668-BE54-9A1E7A4F7556}") = "Core.Tests", "Src\Core.Tests\Core.Tests.csproj", "{E0349793-FD46-49FB-B9B7-DEB33499CC21}"
EndProject
Project("{FAE04EC0-301F-11D3-BF4B-00C04F79EFBC}") = "MkvTitleEdit", "Src\MkvTitleEdit\MkvTitleEdit.csproj", "{F2B2D694-3F87-4578-B36E-8FAB7D63806D}"
EndProject
Project("{9A19103F-16F7-4668-BE54-9A1E7A4F7556}") = "MatroskaConsole", "MatroskaConsole\MatroskaConsole.csproj", "{4BC00A07-A343-4718-8E8F-C1F8161A5DE0}"
EndProject
Project("{9A19103F-16F7-4668-BE54-9A1E7A4F7556}") = "MatroskaEbml", "matroska-master\MatroskaEbml.csproj", "{B1F2422D-EA59-48B2-89BC-637BF09B22E9}"
EndProject
Project("{9A19103F-16F7-4668-BE54-9A1E7A4F7556}") = "ATL", "atldotnet-master\ATL\ATL.csproj", "{6220A2B4-1044-41E4-BC64-3CFA9C7785E1}"
EndProject
Project("{9A19103F-16F7-4668-BE54-9A1E7A4F7556}") = "ATL.test", "ATL.test\ATL.test.csproj", "{374BC131-4106-4C5C-86EB-ECD4E1F237E2}"
EndProject
Project("{9A19103F-16F7-4668-BE54-9A1E7A4F7556}") = "UnitTestProject1", "UnitTestProject1\UnitTestProject1.csproj", "{395E6FF9-163C-48FC-8D20-AB6ABD6BC872}"
EndProject
Project("{9A19103F-16F7-4668-BE54-9A1E7A4F7556}") = "Matroska", "Matroska\Matroska.csproj", "{B6269AAC-170A-4346-1234-579DED3D1234}"
EndProject
Global
	GlobalSection(SolutionConfigurationPlatforms) = preSolution
		Debug|Any CPU = Debug|Any CPU
		Debug|x64 = Debug|x64
		Debug|x86 = Debug|x86
		Release|Any CPU = Release|Any CPU
		Release|x64 = Release|x64
		Release|x86 = Release|x86
	EndGlobalSection
	GlobalSection(ProjectConfigurationPlatforms) = postSolution
		{06EB187F-17EA-487A-8EA0-F045A8216725}.Debug|Any CPU.ActiveCfg = Debug|Any CPU
		{06EB187F-17EA-487A-8EA0-F045A8216725}.Debug|Any CPU.Build.0 = Debug|Any CPU
		{06EB187F-17EA-487A-8EA0-F045A8216725}.Debug|x64.ActiveCfg = Debug|Any CPU
		{06EB187F-17EA-487A-8EA0-F045A8216725}.Debug|x64.Build.0 = Debug|Any CPU
		{06EB187F-17EA-487A-8EA0-F045A8216725}.Debug|x86.ActiveCfg = Debug|Any CPU
		{06EB187F-17EA-487A-8EA0-F045A8216725}.Debug|x86.Build.0 = Debug|Any CPU
		{06EB187F-17EA-487A-8EA0-F045A8216725}.Release|Any CPU.ActiveCfg = Release|Any CPU
		{06EB187F-17EA-487A-8EA0-F045A8216725}.Release|Any CPU.Build.0 = Release|Any CPU
		{06EB187F-17EA-487A-8EA0-F045A8216725}.Release|x64.ActiveCfg = Release|Any CPU
		{06EB187F-17EA-487A-8EA0-F045A8216725}.Release|x64.Build.0 = Release|Any CPU
		{06EB187F-17EA-487A-8EA0-F045A8216725}.Release|x86.ActiveCfg = Release|Any CPU
		{06EB187F-17EA-487A-8EA0-F045A8216725}.Release|x86.Build.0 = Release|Any CPU
		{E0349793-FD46-49FB-B9B7-DEB33499CC21}.Debug|Any CPU.ActiveCfg = Debug|Any CPU
		{E0349793-FD46-49FB-B9B7-DEB33499CC21}.Debug|Any CPU.Build.0 = Debug|Any CPU
		{E0349793-FD46-49FB-B9B7-DEB33499CC21}.Debug|x64.ActiveCfg = Debug|Any CPU
		{E0349793-FD46-49FB-B9B7-DEB33499CC21}.Debug|x64.Build.0 = Debug|Any CPU
		{E0349793-FD46-49FB-B9B7-DEB33499CC21}.Debug|x86.ActiveCfg = Debug|Any CPU
		{E0349793-FD46-49FB-B9B7-DEB33499CC21}.Debug|x86.Build.0 = Debug|Any CPU
		{E0349793-FD46-49FB-B9B7-DEB33499CC21}.Release|Any CPU.ActiveCfg = Release|Any CPU
		{E0349793-FD46-49FB-B9B7-DEB33499CC21}.Release|Any CPU.Build.0 = Release|Any CPU
		{E0349793-FD46-49FB-B9B7-DEB33499CC21}.Release|x64.ActiveCfg = Release|Any CPU
		{E0349793-FD46-49FB-B9B7-DEB33499CC21}.Release|x64.Build.0 = Release|Any CPU
		{E0349793-FD46-49FB-B9B7-DEB33499CC21}.Release|x86.ActiveCfg = Release|Any CPU
		{E0349793-FD46-49FB-B9B7-DEB33499CC21}.Release|x86.Build.0 = Release|Any CPU
		{F2B2D694-3F87-4578-B36E-8FAB7D63806D}.Debug|Any CPU.ActiveCfg = Debug|Any CPU
		{F2B2D694-3F87-4578-B36E-8FAB7D63806D}.Debug|Any CPU.Build.0 = Debug|Any CPU
		{F2B2D694-3F87-4578-B36E-8FAB7D63806D}.Debug|x64.ActiveCfg = Debug|Any CPU
		{F2B2D694-3F87-4578-B36E-8FAB7D63806D}.Debug|x64.Build.0 = Debug|Any CPU
		{F2B2D694-3F87-4578-B36E-8FAB7D63806D}.Debug|x86.ActiveCfg = Debug|Any CPU
		{F2B2D694-3F87-4578-B36E-8FAB7D63806D}.Debug|x86.Build.0 = Debug|Any CPU
		{F2B2D694-3F87-4578-B36E-8FAB7D63806D}.Release|Any CPU.ActiveCfg = Release|Any CPU
		{F2B2D694-3F87-4578-B36E-8FAB7D63806D}.Release|Any CPU.Build.0 = Release|Any CPU
		{F2B2D694-3F87-4578-B36E-8FAB7D63806D}.Release|x64.ActiveCfg = Release|Any CPU
		{F2B2D694-3F87-4578-B36E-8FAB7D63806D}.Release|x64.Build.0 = Release|Any CPU
		{F2B2D694-3F87-4578-B36E-8FAB7D63806D}.Release|x86.ActiveCfg = Release|Any CPU
		{F2B2D694-3F87-4578-B36E-8FAB7D63806D}.Release|x86.Build.0 = Release|Any CPU
		{4BC00A07-A343-4718-8E8F-C1F8161A5DE0}.Debug|Any CPU.ActiveCfg = Debug|Any CPU
		{4BC00A07-A343-4718-8E8F-C1F8161A5DE0}.Debug|Any CPU.Build.0 = Debug|Any CPU
		{4BC00A07-A343-4718-8E8F-C1F8161A5DE0}.Debug|x64.ActiveCfg = Debug|Any CPU
		{4BC00A07-A343-4718-8E8F-C1F8161A5DE0}.Debug|x64.Build.0 = Debug|Any CPU
		{4BC00A07-A343-4718-8E8F-C1F8161A5DE0}.Debug|x86.ActiveCfg = Debug|Any CPU
		{4BC00A07-A343-4718-8E8F-C1F8161A5DE0}.Debug|x86.Build.0 = Debug|Any CPU
		{4BC00A07-A343-4718-8E8F-C1F8161A5DE0}.Release|Any CPU.ActiveCfg = Release|Any CPU
		{4BC00A07-A343-4718-8E8F-C1F8161A5DE0}.Release|Any CPU.Build.0 = Release|Any CPU
		{4BC00A07-A343-4718-8E8F-C1F8161A5DE0}.Release|x64.ActiveCfg = Release|Any CPU
		{4BC00A07-A343-4718-8E8F-C1F8161A5DE0}.Release|x64.Build.0 = Release|Any CPU
		{4BC00A07-A343-4718-8E8F-C1F8161A5DE0}.Release|x86.ActiveCfg = Release|Any CPU
		{4BC00A07-A343-4718-8E8F-C1F8161A5DE0}.Release|x86.Build.0 = Release|Any CPU
		{B1F2422D-EA59-48B2-89BC-637BF09B22E9}.Debug|Any CPU.ActiveCfg = Debug|Any CPU
		{B1F2422D-EA59-48B2-89BC-637BF09B22E9}.Debug|Any CPU.Build.0 = Debug|Any CPU
		{B1F2422D-EA59-48B2-89BC-637BF09B22E9}.Debug|x64.ActiveCfg = Debug|Any CPU
		{B1F2422D-EA59-48B2-89BC-637BF09B22E9}.Debug|x64.Build.0 = Debug|Any CPU
		{B1F2422D-EA59-48B2-89BC-637BF09B22E9}.Debug|x86.ActiveCfg = Debug|Any CPU
		{B1F2422D-EA59-48B2-89BC-637BF09B22E9}.Debug|x86.Build.0 = Debug|Any CPU
		{B1F2422D-EA59-48B2-89BC-637BF09B22E9}.Release|Any CPU.ActiveCfg = Release|Any CPU
		{B1F2422D-EA59-48B2-89BC-637BF09B22E9}.Release|Any CPU.Build.0 = Release|Any CPU
		{B1F2422D-EA59-48B2-89BC-637BF09B22E9}.Release|x64.ActiveCfg = Release|Any CPU
		{B1F2422D-EA59-48B2-89BC-637BF09B22E9}.Release|x64.Build.0 = Release|Any CPU
		{B1F2422D-EA59-48B2-89BC-637BF09B22E9}.Release|x86.ActiveCfg = Release|Any CPU
		{B1F2422D-EA59-48B2-89BC-637BF09B22E9}.Release|x86.Build.0 = Release|Any CPU
		{6220A2B4-1044-41E4-BC64-3CFA9C7785E1}.Debug|Any CPU.ActiveCfg = Debug|Any CPU
		{6220A2B4-1044-41E4-BC64-3CFA9C7785E1}.Debug|Any CPU.Build.0 = Debug|Any CPU
		{6220A2B4-1044-41E4-BC64-3CFA9C7785E1}.Debug|x64.ActiveCfg = Debug|Any CPU
		{6220A2B4-1044-41E4-BC64-3CFA9C7785E1}.Debug|x64.Build.0 = Debug|Any CPU
		{6220A2B4-1044-41E4-BC64-3CFA9C7785E1}.Debug|x86.ActiveCfg = Debug|Any CPU
		{6220A2B4-1044-41E4-BC64-3CFA9C7785E1}.Debug|x86.Build.0 = Debug|Any CPU
		{6220A2B4-1044-41E4-BC64-3CFA9C7785E1}.Release|Any CPU.ActiveCfg = Release|Any CPU
		{6220A2B4-1044-41E4-BC64-3CFA9C7785E1}.Release|Any CPU.Build.0 = Release|Any CPU
		{6220A2B4-1044-41E4-BC64-3CFA9C7785E1}.Release|x64.ActiveCfg = Release|Any CPU
		{6220A2B4-1044-41E4-BC64-3CFA9C7785E1}.Release|x64.Build.0 = Release|Any CPU
		{6220A2B4-1044-41E4-BC64-3CFA9C7785E1}.Release|x86.ActiveCfg = Release|Any CPU
		{6220A2B4-1044-41E4-BC64-3CFA9C7785E1}.Release|x86.Build.0 = Release|Any CPU
		{374BC131-4106-4C5C-86EB-ECD4E1F237E2}.Debug|Any CPU.ActiveCfg = Debug|Any CPU
		{374BC131-4106-4C5C-86EB-ECD4E1F237E2}.Debug|Any CPU.Build.0 = Debug|Any CPU
		{374BC131-4106-4C5C-86EB-ECD4E1F237E2}.Debug|x64.ActiveCfg = Debug|Any CPU
		{374BC131-4106-4C5C-86EB-ECD4E1F237E2}.Debug|x64.Build.0 = Debug|Any CPU
		{374BC131-4106-4C5C-86EB-ECD4E1F237E2}.Debug|x86.ActiveCfg = Debug|Any CPU
		{374BC131-4106-4C5C-86EB-ECD4E1F237E2}.Debug|x86.Build.0 = Debug|Any CPU
		{374BC131-4106-4C5C-86EB-ECD4E1F237E2}.Release|Any CPU.ActiveCfg = Release|Any CPU
		{374BC131-4106-4C5C-86EB-ECD4E1F237E2}.Release|Any CPU.Build.0 = Release|Any CPU
		{374BC131-4106-4C5C-86EB-ECD4E1F237E2}.Release|x64.ActiveCfg = Release|Any CPU
		{374BC131-4106-4C5C-86EB-ECD4E1F237E2}.Release|x64.Build.0 = Release|Any CPU
		{374BC131-4106-4C5C-86EB-ECD4E1F237E2}.Release|x86.ActiveCfg = Release|Any CPU
		{374BC131-4106-4C5C-86EB-ECD4E1F237E2}.Release|x86.Build.0 = Release|Any CPU
		{395E6FF9-163C-48FC-8D20-AB6ABD6BC872}.Debug|Any CPU.ActiveCfg = Debug|Any CPU
		{395E6FF9-163C-48FC-8D20-AB6ABD6BC872}.Debug|Any CPU.Build.0 = Debug|Any CPU
		{395E6FF9-163C-48FC-8D20-AB6ABD6BC872}.Debug|x64.ActiveCfg = Debug|Any CPU
		{395E6FF9-163C-48FC-8D20-AB6ABD6BC872}.Debug|x64.Build.0 = Debug|Any CPU
		{395E6FF9-163C-48FC-8D20-AB6ABD6BC872}.Debug|x86.ActiveCfg = Debug|Any CPU
		{395E6FF9-163C-48FC-8D20-AB6ABD6BC872}.Debug|x86.Build.0 = Debug|Any CPU
		{395E6FF9-163C-48FC-8D20-AB6ABD6BC872}.Release|Any CPU.ActiveCfg = Release|Any CPU
		{395E6FF9-163C-48FC-8D20-AB6ABD6BC872}.Release|Any CPU.Build.0 = Release|Any CPU
		{395E6FF9-163C-48FC-8D20-AB6ABD6BC872}.Release|x64.ActiveCfg = Release|Any CPU
		{395E6FF9-163C-48FC-8D20-AB6ABD6BC872}.Release|x64.Build.0 = Release|Any CPU
		{395E6FF9-163C-48FC-8D20-AB6ABD6BC872}.Release|x86.ActiveCfg = Release|Any CPU
		{395E6FF9-163C-48FC-8D20-AB6ABD6BC872}.Release|x86.Build.0 = Release|Any CPU
		{B6269AAC-170A-4346-1234-579DED3D1234}.Debug|Any CPU.ActiveCfg = Debug|Any CPU
		{B6269AAC-170A-4346-1234-579DED3D1234}.Debug|Any CPU.Build.0 = Debug|Any CPU
		{B6269AAC-170A-4346-1234-579DED3D1234}.Debug|x64.ActiveCfg = Debug|Any CPU
		{B6269AAC-170A-4346-1234-579DED3D1234}.Debug|x64.Build.0 = Debug|Any CPU
		{B6269AAC-170A-4346-1234-579DED3D1234}.Debug|x86.ActiveCfg = Debug|Any CPU
		{B6269AAC-170A-4346-1234-579DED3D1234}.Debug|x86.Build.0 = Debug|Any CPU
		{B6269AAC-170A-4346-1234-579DED3D1234}.Release|Any CPU.ActiveCfg = Release|Any CPU
		{B6269AAC-170A-4346-1234-579DED3D1234}.Release|Any CPU.Build.0 = Release|Any CPU
		{B6269AAC-170A-4346-1234-579DED3D1234}.Release|x64.ActiveCfg = Release|Any CPU
		{B6269AAC-170A-4346-1234-579DED3D1234}.Release|x64.Build.0 = Release|Any CPU
		{B6269AAC-170A-4346-1234-579DED3D1234}.Release|x86.ActiveCfg = Release|Any CPU
		{B6269AAC-170A-4346-1234-579DED3D1234}.Release|x86.Build.0 = Release|Any CPU
	EndGlobalSection
	GlobalSection(SolutionProperties) = preSolution
		HideSolutionNode = FALSE
	EndGlobalSection
	GlobalSection(ExtensibilityGlobals) = postSolution
		SolutionGuid = {DE2715BA-336F-4774-B880-BE171CE1018B}
	EndGlobalSection
EndGlobal
